
Microsoft Visual Studio Solution File, Format Version 12.00
# Visual Studio Version 16
VisualStudioVersion = 16.0.30104.148
MinimumVisualStudioVersion = 10.0.40219.1
Project("{FAE04EC0-301F-11D3-BF4B-00C04F79EFBC}") = "ProjetoSalao", "ProjetoSalao\ProjetoSalao.csproj", "{957226B6-17C5-4468-BE9D-FF2372454EB7}"
EndProject
Global
	GlobalSection(SolutionConfigurationPlatforms) = preSolution
		Debug|Any CPU = Debug|Any CPU
		Release|Any CPU = Release|Any CPU
	EndGlobalSection
	GlobalSection(ProjectConfigurationPlatforms) = postSolution
		{957226B6-17C5-4468-BE9D-FF2372454EB7}.Debug|Any CPU.ActiveCfg = Debug|Any CPU
		{957226B6-17C5-4468-BE9D-FF2372454EB7}.Debug|Any CPU.Build.0 = Debug|Any CPU
		{957226B6-17C5-4468-BE9D-FF2372454EB7}.Release|Any CPU.ActiveCfg = Release|Any CPU
		{957226B6-17C5-4468-BE9D-FF2372454EB7}.Release|Any CPU.Build.0 = Release|Any CPU
	EndGlobalSection
	GlobalSection(SolutionProperties) = preSolution
		HideSolutionNode = FALSE
	EndGlobalSection
	GlobalSection(ExtensibilityGlobals) = postSolution
		SolutionGuid = {894C2FFF-96FF-4A4B-95C1-A27B9DC54461}
	EndGlobalSection
EndGlobal
